<?xml version="1.0" encoding="utf-8"?>
<Project ToolsVersion="4.0" xmlns="http://schemas.microsoft.com/developer/msbuild/2003">
  <ItemGroup>
    <Filter Include="Photon">
      <UniqueIdentifier>{BD8514CA-A927-3FA0-92E2-52F47E23C6F0}</UniqueIdentifier>
    </Filter>
    <Filter Include="Photon\Events">
      <UniqueIdentifier>{01BB3C97-6D7B-B8CD-36B6-014BA235FDA9}</UniqueIdentifier>
    </Filter>
  </ItemGroup>
  <ItemGroup>
    <ClInclude Include="src\Photon.h" />
    <ClInclude Include="src\Photon\Application.h">
      <Filter>Photon</Filter>
    </ClInclude>
    <ClInclude Include="src\Photon\Core.h">
      <Filter>Photon</Filter>
    </ClInclude>
    <ClInclude Include="src\Photon\EntryPoint.h">
      <Filter>Photon</Filter>
    </ClInclude>
    <ClInclude Include="src\Photon\Events\ApplicationEvent.h">
      <Filter>Photon\Events</Filter>
    </ClInclude>
    <ClInclude Include="src\Photon\Events\Event.h">
      <Filter>Photon\Events</Filter>
    </ClInclude>
    <ClInclude Include="src\Photon\Events\KeyEvent.h">
      <Filter>Photon\Events</Filter>
    </ClInclude>
    <ClInclude Include="src\Photon\Events\MouseEvent.h">
      <Filter>Photon\Events</Filter>
    </ClInclude>
    <ClInclude Include="src\Photon\Log.h">
      <Filter>Photon</Filter>
    </ClInclude>
    <ClInclude Include="src\Photon\PhPch.h">
      <Filter>Photon</Filter>
    </ClInclude>
    <ClInclude Include="src\Photon\Window.h">
      <Filter>Photon</Filter>
    </ClInclude>
    <ClInclude Include="src\Photon\Platform\Windows\WindowsWindow.h" />
  </ItemGroup>
  <ItemGroup>
    <ClCompile Include="src\Photon\Application.cpp">
      <Filter>Photon</Filter>
    </ClCompile>
    <ClCompile Include="src\Photon\Log.cpp">
      <Filter>Photon</Filter>
    </ClCompile>
    <ClCompile Include="src\Photon\PhPch.cpp">
      <Filter>Photon</Filter>
    </ClCompile>
    <ClCompile Include="src\Photon\Platform\Windows\WindowsWindow.cpp" />
  </ItemGroup>
</Project>